PODS:
  - adv_image_cache (0.0.1):
    - Flutter
  - Alamofire (4.9.1)
  - Firebase/CoreOnly (8.3.0):
    - FirebaseCore (= 8.3.0)
  - Firebase/Messaging (8.3.0):
    - Firebase/CoreOnly
    - FirebaseMessaging (~> 8.3.0)
  - firebase_core (1.4.0):
    - Firebase/CoreOnly (= 8.3.0)
    - Flutter
  - firebase_messaging (10.0.4):
    - Firebase/Messaging (= 8.3.0)
    - firebase_core
    - Flutter
  - FirebaseCore (8.3.0):
    - FirebaseCoreDiagnostics (~> 8.0)
    - GoogleUtilities/Environment (~> 7.4)
    - GoogleUtilities/Logger (~> 7.4)
  - FirebaseCoreDiagnostics (8.3.0):
    - GoogleDataTransport (~> 9.0)
    - GoogleUtilities/Environment (~> 7.4)
    - GoogleUtilities/Logger (~> 7.4)
    - nanopb (~> 2.30908.0)
  - FirebaseInstallations (8.3.0):
    - FirebaseCore (~> 8.0)
    - GoogleUtilities/Environment (~> 7.4)
    - GoogleUtilities/UserDefaults (~> 7.4)
    - PromisesObjC (~> 1.2)
  - FirebaseMessaging (8.3.0):
    - FirebaseCore (~> 8.0)
    - FirebaseInstallations (~> 8.0)
    - GoogleUtilities/AppDelegateSwizzler (~> 7.4)
    - GoogleUtilities/Environment (~> 7.4)
    - GoogleUtilities/Reachability (~> 7.4)
    - GoogleUtilities/UserDefaults (~> 7.4)
  - Flutter (1.0.0)
  - flutter_uploader (1.2.0):
    - Alamofire (= 4.9.1)
    - Flutter
  - GoogleDataTransport (9.1.0):
    - GoogleUtilities/Environment (~> 7.2)
    - nanopb (~> 2.30908.0)
    - PromisesObjC (< 3.0, >= 1.2)
  - GoogleUtilities/AppDelegateSwizzler (7.5.0):
    - GoogleUtilities/Environment
    - GoogleUtilities/Logger
    - GoogleUtilities/Network
  - GoogleUtilities/Environment (7.5.0):
    - PromisesObjC (< 3.0, >= 1.2)
  - GoogleUtilities/Logger (7.5.0):
    - GoogleUtilities/Environment
  - GoogleUtilities/Network (7.5.0):
    - GoogleUtilities/Logger
    - "GoogleUtilities/NSData+zlib"
    - GoogleUtilities/Reachability
  - "GoogleUtilities/NSData+zlib (7.5.0)"
  - GoogleUtilities/Reachability (7.5.0):
    - GoogleUtilities/Logger
  - GoogleUtilities/UserDefaults (7.5.0):
    - GoogleUtilities/Logger
  - image_picker (0.0.1):
    - Flutter
  - location (0.0.1):
    - Flutter
  - map_launcher (0.0.1):
    - Flutter
  - nanopb (2.30908.0):
    - nanopb/decode (= 2.30908.0)
    - nanopb/encode (= 2.30908.0)
  - nanopb/decode (2.30908.0)
  - nanopb/encode (2.30908.0)
  - package_info (0.0.1):
    - Flutter
  - path_provider (0.0.1):
    - Flutter
  - PromisesObjC (1.2.12)
  - searchable_dropdown (1.1.1):
    - Flutter
  - share (0.0.1):
    - Flutter
  - shared_preferences (0.0.1):
    - Flutter
  - sms_autofill (0.0.1):
    - Flutter
  - url_launcher (0.0.1):
    - Flutter

DEPENDENCIES:
  - adv_image_cache (from `.symlinks/plugins/adv_image_cache/ios`)
  - firebase_core (from `.symlinks/plugins/firebase_core/ios`)
  - firebase_messaging (from `.symlinks/plugins/firebase_messaging/ios`)
  - Flutter (from `Flutter`)
  - flutter_uploader (from `.symlinks/plugins/flutter_uploader/ios`)
  - image_picker (from `.symlinks/plugins/image_picker/ios`)
  - location (from `.symlinks/plugins/location/ios`)
  - map_launcher (from `.symlinks/plugins/map_launcher/ios`)
  - package_info (from `.symlinks/plugins/package_info/ios`)
  - path_provider (from `.symlinks/plugins/path_provider/ios`)
  - searchable_dropdown (from `.symlinks/plugins/searchable_dropdown/ios`)
  - share (from `.symlinks/plugins/share/ios`)
  - shared_preferences (from `.symlinks/plugins/shared_preferences/ios`)
  - sms_autofill (from `.symlinks/plugins/sms_autofill/ios`)
  - url_launcher (from `.symlinks/plugins/url_launcher/ios`)

SPEC REPOS:
  trunk:
    - Alamofire
    - Firebase
    - FirebaseCore
    - FirebaseCoreDiagnostics
    - FirebaseInstallations
    - FirebaseMessaging
    - GoogleDataTransport
    - GoogleUtilities
    - nanopb
    - PromisesObjC

EXTERNAL SOURCES:
  adv_image_cache:
    :path: ".symlinks/plugins/adv_image_cache/ios"
  firebase_core:
    :path: ".symlinks/plugins/firebase_core/ios"
  firebase_messaging:
    :path: ".symlinks/plugins/firebase_messaging/ios"
  Flutter:
    :path: Flutter
  flutter_uploader:
    :path: ".symlinks/plugins/flutter_uploader/ios"
  image_picker:
    :path: ".symlinks/plugins/image_picker/ios"
  location:
    :path: ".symlinks/plugins/location/ios"
  map_launcher:
    :path: ".symlinks/plugins/map_launcher/ios"
  package_info:
    :path: ".symlinks/plugins/package_info/ios"
  path_provider:
    :path: ".symlinks/plugins/path_provider/ios"
  searchable_dropdown:
    :path: ".symlinks/plugins/searchable_dropdown/ios"
  share:
    :path: ".symlinks/plugins/share/ios"
  shared_preferences:
    :path: ".symlinks/plugins/shared_preferences/ios"
  sms_autofill:
    :path: ".symlinks/plugins/sms_autofill/ios"
  url_launcher:
    :path: ".symlinks/plugins/url_launcher/ios"

SPEC CHECKSUMS:
  adv_image_cache: e75dabd0f21f5fa0d2e508fc1280bff76d115364
  Alamofire: 85e8a02c69d6020a0d734f6054870d7ecb75cf18
  Firebase: 817b9171d0d51dccc458b94a5e8edff6b1dd323d
  firebase_core: 72374607c8c6f5a0adc0559e5c5bf57deda975e3
  firebase_messaging: 55c5b8184efd330b9d1f1765b55c4ae57e015c5e
  FirebaseCore: a6dba751680d7033b9d3831e1cfc95ead0605118
  FirebaseCoreDiagnostics: 7e873baabcfaa9512f538554ae4fa0817aaafbdb
  FirebaseInstallations: b69db7680870dbac17bba7a51fc0b5c4b365baa7
  FirebaseMessaging: 42252b79b860482021483748669ec32e22196462
  Flutter: 434fef37c0980e73bb6479ef766c45957d4b510c
  flutter_uploader: 7957e1b9d6516b6cccc37e5ffd6c5a0975a7cc4c
  GoogleDataTransport: 85fd18ff3019bb85d3f2c551d04c481dedf71fc9
  GoogleUtilities: eea970f4a389963963bffe8d8fabe43540678b9c
  image_picker: e06f7a68f000bd36f552c1847e33cda96ed31f1f
  location: 3a2eed4dd2fab25e7b7baf2a9efefe82b512d740
  map_launcher: e325db1261d029ff33e08e03baccffe09593ffea
  nanopb: a0ba3315591a9ae0a16a309ee504766e90db0c96
  package_info: 873975fc26034f0b863a300ad47e7f1ac6c7ec62
  path_provider: abfe2b5c733d04e238b0d8691db0cfd63a27a93c
  PromisesObjC: 3113f7f76903778cf4a0586bd1ab89329a0b7b97
  searchable_dropdown: 5058be32fdc5e0481d300ff2087129072e71bd62
  share: 0b2c3e82132f5888bccca3351c504d0003b3b410
  shared_preferences: af6bfa751691cdc24be3045c43ec037377ada40d
  sms_autofill: c461043483362c3f1709ee76eaae6eb570b31686
  url_launcher: 6fef411d543ceb26efce54b05a0a40bfd74cbbef

PODFILE CHECKSUM: aafe91acc616949ddb318b77800a7f51bffa2a4c

COCOAPODS: 1.10.1
